// !$*UTF8*$!
{
	archiveVersion = 1;
	classes = {
	};
	objectVersion = 50;
	objects = {

/* Begin PBXBuildFile section */
		CEE07BA223D5D84900FCECC7 /* AppDelegate.swift in Sources */ = {isa = PBXBuildFile; fileRef = CEE07BA123D5D84900FCECC7 /* AppDelegate.swift */; };
		CEE07BA423D5D84900FCECC7 /* SceneDelegate.swift in Sources */ = {isa = PBXBuildFile; fileRef = CEE07BA323D5D84900FCECC7 /* SceneDelegate.swift */; };
		CEE07BA623D5D84900FCECC7 /* ViewController.swift in Sources */ = {isa = PBXBuildFile; fileRef = CEE07BA523D5D84900FCECC7 /* ViewController.swift */; };
		CEE07BA923D5D84900FCECC7 /* Main.storyboard in Resources */ = {isa = PBXBuildFile; fileRef = CEE07BA723D5D84900FCECC7 /* Main.storyboard */; };
		CEE07BAB23D5D84D00FCECC7 /* Assets.xcassets in Resources */ = {isa = PBXBuildFile; fileRef = CEE07BAA23D5D84D00FCECC7 /* Assets.xcassets */; };
		CEE07BAE23D5D84D00FCECC7 /* LaunchScreen.storyboard in Resources */ = {isa = PBXBuildFile; fileRef = CEE07BAC23D5D84D00FCECC7 /* LaunchScreen.storyboard */; };
/* End PBXBuildFile section */

/* Begin PBXFileReference section */
		CEE07B9E23D5D84900FCECC7 /* tableViewBasic.app */ = {isa = PBXFileReference; explicitFileType = wrapper.application; includeInIndex = 0; path = tableViewBasic.app; sourceTree = BUILT_PRODUCTS_DIR; };
		CEE07BA123D5D84900FCECC7 /* AppDelegate.swift */ = {isa = PBXFileReference; lastKnownFileType = sourcecode.swift; path = AppDelegate.swift; sourceTree = "<group>"; };
		CEE07BA323D5D84900FCECC7 /* SceneDelegate.swift */ = {isa = PBXFileReference; lastKnownFileType = sourcecode.swift; path = SceneDelegate.swift; sourceTree = "<group>"; };
		CEE07BA523D5D84900FCECC7 /* ViewController.swift */ = {isa = PBXFileReference; lastKnownFileType = sourcecode.swift; path = ViewController.swift; sourceTree = "<group>"; };
		CEE07BA823D5D84900FCECC7 /* Base */ = {isa = PBXFileReference; lastKnownFileType = file.storyboard; name = Base; path = Base.lproj/Main.storyboard; sourceTree = "<group>"; };
		CEE07BAA23D5D84D00FCECC7 /* Assets.xcassets */ = {isa = PBXFileReference; lastKnownFileType = folder.assetcatalog; path = Assets.xcassets; sourceTree = "<group>"; };
		CEE07BAD23D5D84D00FCECC7 /* Base */ = {isa = PBXFileReference; lastKnownFileType = file.storyboard; name = Base; path = Base.lproj/LaunchScreen.storyboard; sourceTree = "<group>"; };
		CEE07BAF23D5D84D00FCECC7 /* Info.plist */ = {isa = PBXFileReference; lastKnownFileType = text.plist.xml; path = Info.plist; sourceTree = "<group>"; };
/* End PBXFileReference section */

/* Begin PBXFrameworksBuildPhase section */
		CEE07B9B23D5D84900FCECC7 /* Frameworks */ = {
			isa = PBXFrameworksBuildPhase;
			buildActionMask = 2147483647;
			files = (
			);
			runOnlyForDeploymentPostprocessing = 0;
		};
/* End PBXFrameworksBuildPhase section */

/* Begin PBXGroup section */
		CEE07B9523D5D84900FCECC7 = {
			isa = PBXGroup;
			children = (
				CEE07BA023D5D84900FCECC7 /* tableViewBasic */,
				CEE07B9F23D5D84900FCECC7 /* Products */,
			);
			sourceTree = "<group>";
		};
		CEE07B9F23D5D84900FCECC7 /* Products */ = {
			isa = PBXGroup;
			children = (
				CEE07B9E23D5D84900FCECC7 /* tableViewBasic.app */,
			);
			name = Products;
			sourceTree = "<group>";
		};
		CEE07BA023D5D84900FCECC7 /* tableViewBasic */ = {
			isa = PBXGroup;
			children = (
				CEE07BA123D5D84900FCECC7 /* AppDelegate.swift */,
				CEE07BA323D5D84900FCECC7 /* SceneDelegate.swift */,
				CEE07BA523D5D84900FCECC7 /* ViewController.swift */,
				CEE07BA723D5D84900FCECC7 /* Main.storyboard */,
				CEE07BAA23D5D84D00FCECC7 /* Assets.xcassets */,
				CEE07BAC23D5D84D00FCECC7 /* LaunchScreen.storyboard */,
				CEE07BAF23D5D84D00FCECC7 /* Info.plist */,
			);
			path = tableViewBasic;
			sourceTree = "<group>";
		};
/* End PBXGroup section */

/* Begin PBXNativeTarget section */
		CEE07B9D23D5D84900FCECC7 /* tableViewBasic */ = {
			isa = PBXNativeTarget;
			buildConfigurationList = CEE07BB223D5D84D00FCECC7 /* Build configuration list for PBXNativeTarget "tableViewBasic" */;
			buildPhases = (
				CEE07B9A23D5D84900FCECC7 /* Sources */,
				CEE07B9B23D5D84900FCECC7 /* Frameworks */,
				CEE07B9C23D5D84900FCECC7 /* Resources */,
			);
			buildRules = (
			);
			dependencies = (
			);
			name = tableViewBasic;
			productName = tableViewBasic;
			productReference = CEE07B9E23D5D84900FCECC7 /* tableViewBasic.app */;
			productType = "com.apple.product-type.application";
		};
/* End PBXNativeTarget section */

/* Begin PBXProject section */
		CEE07B9623D5D84900FCECC7 /* Project object */ = {
			isa = PBXProject;
			attributes = {
				LastSwiftUpdateCheck = 1130;
				LastUpgradeCheck = 1130;
				ORGANIZATIONNAME = USER;
				TargetAttributes = {
					CEE07B9D23D5D84900FCECC7 = {
						CreatedOnToolsVersion = 11.3;
					};
				};
			};
			buildConfigurationList = CEE07B9923D5D84900FCECC7 /* Build configuration list for PBXProject "tableViewBasic" */;
			compatibilityVersion = "Xcode 9.3";
			developmentRegion = en;
			hasScannedForEncodings = 0;
			knownRegions = (
				en,
				Base,
			);
			mainGroup = CEE07B9523D5D84900FCECC7;
			productRefGroup = CEE07B9F23D5D84900FCECC7 /* Products */;
			projectDirPath = "";
			projectRoot = "";
			targets = (
				CEE07B9D23D5D84900FCECC7 /* tableViewBasic */,
			);
		};
/* End PBXProject section */

/* Begin PBXResourcesBuildPhase section */
		CEE07B9C23D5D84900FCECC7 /* Resources */ = {
			isa = PBXResourcesBuildPhase;
			buildActionMask = 2147483647;
			files = (
				CEE07BAE23D5D84D00FCECC7 /* LaunchScreen.storyboard in Resources */,
				CEE07BAB23D5D84D00FCECC7 /* Assets.xcassets in Resources */,
				CEE07BA923D5D84900FCECC7 /* Main.storyboard in Resources */,
			);
			runOnlyForDeploymentPostprocessing = 0;
		};
/* End PBXResourcesBuildPhase section */

/* Begin PBXSourcesBuildPhase section */
		CEE07B9A23D5D84900FCECC7 /* Sources */ = {
			isa = PBXSourcesBuildPhase;
			buildActionMask = 2147483647;
			files = (
				CEE07BA623D5D84900FCECC7 /* ViewController.swift in Sources */,
				CEE07BA223D5D84900FCECC7 /* AppDelegate.swift in Sources */,
				CEE07BA423D5D84900FCECC7 /* SceneDelegate.swift in Sources */,
			);
			runOnlyForDeploymentPostprocessing = 0;
		};
/* End PBXSourcesBuildPhase section */

/* Begin PBXVariantGroup section */
		CEE07BA723D5D84900FCECC7 /* Main.storyboard */ = {
			isa = PBXVariantGroup;
			children = (
				CEE07BA823D5D84900FCECC7 /* Base */,
			);
			name = Main.storyboard;
			sourceTree = "<group>";
		};
		CEE07BAC23D5D84D00FCECC7 /* LaunchScreen.storyboard */ = {
			isa = PBXVariantGroup;
			children = (
				CEE07BAD23D5D84D00FCECC7 /* Base */,
			);
			name = LaunchScreen.storyboard;
			sourceTree = "<group>";
		};
/* End PBXVariantGroup section */

/* Begin XCBuildConfiguration section */
		CEE07BB023D5D84D00FCECC7 /* Debug */ = {
			isa = XCBuildConfiguration;
			buildSettings = {
				ALWAYS_SEARCH_USER_PATHS = NO;
				CLANG_ANALYZER_NONNULL = YES;
				CLANG_ANALYZER_NUMBER_OBJECT_CONVERSION = YES_AGGRESSIVE;
				CLANG_CXX_LANGUAGE_STANDARD = "gnu++14";
				CLANG_CXX_LIBRARY = "libc++";
				CLANG_ENABLE_MODULES = YES;
				CLANG_ENABLE_OBJC_ARC = YES;
				CLANG_ENABLE_OBJC_WEAK = YES;
				CLANG_WARN_BLOCK_CAPTURE_AUTORELEASING = YES;
				CLANG_WARN_BOOL_CONVERSION = YES;
				CLANG_WARN_COMMA = YES;
				CLANG_WARN_CONSTANT_CONVERSION = YES;
				CLANG_WARN_DEPRECATED_OBJC_IMPLEMENTATIONS = YES;
				CLANG_WARN_DIRECT_OBJC_ISA_USAGE = YES_ERROR;
				CLANG_WARN_DOCUMENTATION_COMMENTS = YES;
				CLANG_WARN_EMPTY_BODY = YES;
				CLANG_WARN_ENUM_CONVERSION = YES;
				CLANG_WARN_INFINITE_RECURSION = YES;
				CLANG_WARN_INT_CONVERSION = YES;
				CLANG_WARN_NON_LITERAL_NULL_CONVERSION = YES;
				CLANG_WARN_OBJC_IMPLICIT_RETAIN_SELF = YES;
				CLANG_WARN_OBJC_LITERAL_CONVERSION = YES;
				CLANG_WARN_OBJC_ROOT_CLASS = YES_ERROR;
				CLANG_WARN_RANGE_LOOP_ANALYSIS = YES;
				CLANG_WARN_STRICT_PROTOTYPES = YES;
				CLANG_WARN_SUSPICIOUS_MOVE = YES;
				CLANG_WARN_UNGUARDED_AVAILABILITY = YES_AGGRESSIVE;
				CLANG_WARN_UNREACHABLE_CODE = YES;
				CLANG_WARN__DUPLICATE_METHOD_MATCH = YES;
				COPY_PHASE_STRIP = NO;
				DEBUG_INFORMATION_FORMAT = dwarf;
				ENABLE_STRICT_OBJC_MSGSEND = YES;
				ENABLE_TESTABILITY = YES;
				GCC_C_LANGUAGE_STANDARD = gnu11;
				GCC_DYNAMIC_NO_PIC = NO;
				GCC_NO_COMMON_BLOCKS = YES;
				GCC_OPTIMIZATION_LEVEL = 0;
				GCC_PREPROCESSOR_DEFINITIONS = (
					"DEBUG=1",
					"$(inherited)",
				);
				GCC_WARN_64_TO_32_BIT_CONVERSION = YES;
				GCC_WARN_ABOUT_RETURN_TYPE = YES_ERROR;
				GCC_WARN_UNDECLARED_SELECTOR = YES;
				GCC_WARN_UNINITIALIZED_AUTOS = YES_AGGRESSIVE;
				GCC_WARN_UNUSED_FUNCTION = YES;
				GCC_WARN_UNUSED_VARIABLE = YES;
				IPHONEOS_DEPLOYMENT_TARGET = 13.2;
				MTL_ENABLE_DEBUG_INFO = INCLUDE_SOURCE;
				MTL_FAST_MATH = YES;
				ONLY_ACTIVE_ARCH = YES;
				SDKROOT = iphoneos;
				SWIFT_ACTIVE_COMPILATION_CONDITIONS = DEBUG;
				SWIFT_OPTIMIZATION_LEVEL = "-Onone";
			};
			name = Debug;
		};
		CEE07BB123D5D84D00FCECC7 /* Release */ = {
			isa = XCBuildConfiguration;
			buildSettings = {
				ALWAYS_SEARCH_USER_PATHS = NO;
				CLANG_ANALYZER_NONNULL = YES;
				CLANG_ANALYZER_NUMBER_OBJECT_CONVERSION = YES_AGGRESSIVE;
				CLANG_CXX_LANGUAGE_STANDARD = "gnu++14";
				CLANG_CXX_LIBRARY = "libc++";
				CLANG_ENABLE_MODULES = YES;
				CLANG_ENABLE_OBJC_ARC = YES;
				CLANG_ENABLE_OBJC_WEAK = YES;
				CLANG_WARN_BLOCK_CAPTURE_AUTORELEASING = YES;
				CLANG_WARN_BOOL_CONVERSION = YES;
				CLANG_WARN_COMMA = YES;
				CLANG_WARN_CONSTANT_CONVERSION = YES;
				CLANG_WARN_DEPRECATED_OBJC_IMPLEMENTATIONS = YES;
				CLANG_WARN_DIRECT_OBJC_ISA_USAGE = YES_ERROR;
				CLANG_WARN_DOCUMENTATION_COMMENTS = YES;
				CLANG_WARN_EMPTY_BODY = YES;
				CLANG_WARN_ENUM_CONVERSION = YES;
				CLANG_WARN_INFINITE_RECURSION = YES;
				CLANG_WARN_INT_CONVERSION = YES;
				CLANG_WARN_NON_LITERAL_NULL_CONVERSION = YES;
				CLANG_WARN_OBJC_IMPLICIT_RETAIN_SELF = YES;
				CLANG_WARN_OBJC_LITERAL_CONVERSION = YES;
				CLANG_WARN_OBJC_ROOT_CLASS = YES_ERROR;
				CLANG_WARN_RANGE_LOOP_ANALYSIS = YES;
				CLANG_WARN_STRICT_PROTOTYPES = YES;
				CLANG_WARN_SUSPICIOUS_MOVE = YES;
				CLANG_WARN_UNGUARDED_AVAILABILITY = YES_AGGRESSIVE;
				CLANG_WARN_UNREACHABLE_CODE = YES;
				CLANG_WARN__DUPLICATE_METHOD_MATCH = YES;
				COPY_PHASE_STRIP = NO;
				DEBUG_INFORMATION_FORMAT = "dwarf-with-dsym";
				ENABLE_NS_ASSERTIONS = NO;
				ENABLE_STRICT_OBJC_MSGSEND = YES;
				GCC_C_LANGUAGE_STANDARD = gnu11;
				GCC_NO_COMMON_BLOCKS = YES;
				GCC_WARN_64_TO_32_BIT_CONVERSION = YES;
				GCC_WARN_ABOUT_RETURN_TYPE = YES_ERROR;
				GCC_WARN_UNDECLARED_SELECTOR = YES;
				GCC_WARN_UNINITIALIZED_AUTOS = YES_AGGRESSIVE;
				GCC_WARN_UNUSED_FUNCTION = YES;
				GCC_WARN_UNUSED_VARIABLE = YES;
				IPHONEOS_DEPLOYMENT_TARGET = 13.2;
				MTL_ENABLE_DEBUG_INFO = NO;
				MTL_FAST_MATH = YES;
				SDKROOT = iphoneos;
				SWIFT_COMPILATION_MODE = wholemodule;
				SWIFT_OPTIMIZATION_LEVEL = "-O";
				VALIDATE_PRODUCT = YES;
			};
			name = Release;
		};
		CEE07BB323D5D84D00FCECC7 /* Debug */ = {
			isa = XCBuildConfiguration;
			buildSettings = {
				ASSETCATALOG_COMPILER_APPICON_NAME = AppIcon;
				CODE_SIGN_STYLE = Automatic;
				DEVELOPMENT_TEAM = 4PXVDQMGAW;
				INFOPLIST_FILE = tableViewBasic/Info.plist;
				LD_RUNPATH_SEARCH_PATHS = (
					"$(inherited)",
					"@executable_path/Frameworks",
				);
				PRODUCT_BUNDLE_IDENTIFIER = "ikepon413-icloud.co.jp.tableViewBasic";
				PRODUCT_NAME = "$(TARGET_NAME)";
				SWIFT_VERSION = 5.0;
				TARGETED_DEVICE_FAMILY = "1,2";
			};
			name = Debug;
		};
		CEE07BB423D5D84D00FCECC7 /* Release */ = {
			isa = XCBuildConfiguration;
			buildSettings = {
				ASSETCATALOG_COMPILER_APPICON_NAME = AppIcon;
				CODE_SIGN_STYLE = Automatic;
				DEVELOPMENT_TEAM = 4PXVDQMGAW;
				INFOPLIST_FILE = tableViewBasic/Info.plist;
				LD_RUNPATH_SEARCH_PATHS = (
					"$(inherited)",
					"@executable_path/Frameworks",
				);
				PRODUCT_BUNDLE_IDENTIFIER = "ikepon413-icloud.co.jp.tableViewBasic";
				PRODUCT_NAME = "$(TARGET_NAME)";
				SWIFT_VERSION = 5.0;
				TARGETED_DEVICE_FAMILY = "1,2";
			};
			name = Release;
		};
/* End XCBuildConfiguration section */

/* Begin XCConfigurationList section */
		CEE07B9923D5D84900FCECC7 /* Build configuration list for PBXProject "tableViewBasic" */ = {
			isa = XCConfigurationList;
			buildConfigurations = (
				CEE07BB023D5D84D00FCECC7 /* Debug */,
				CEE07BB123D5D84D00FCECC7 /* Release */,
			);
			defaultConfigurationIsVisible = 0;
			defaultConfigurationName = Release;
		};
		CEE07BB223D5D84D00FCECC7 /* Build configuration list for PBXNativeTarget "tableViewBasic" */ = {
			isa = XCConfigurationList;
			buildConfigurations = (
				CEE07BB323D5D84D00FCECC7 /* Debug */,
				CEE07BB423D5D84D00FCECC7 /* Release */,
			);
			defaultConfigurationIsVisible = 0;
			defaultConfigurationName = Release;
		};
/* End XCConfigurationList section */
	};
	rootObject = CEE07B9623D5D84900FCECC7 /* Project object */;
}
